
Microsoft Visual Studio Solution File, Format Version 12.00
# Visual Studio Version 16
VisualStudioVersion = 16.0.30011.22
MinimumVisualStudioVersion = 10.0.40219.1
Project("{FAE04EC0-301F-11D3-BF4B-00C04F79EFBC}") = "Holtz_Compactador", "Holtz_Compactador.csproj", "{93153C25-F001-43B6-B02C-83A37C46B84D}"
EndProject
Global
	GlobalSection(SolutionConfigurationPlatforms) = preSolution
		Debug|Any CPU = Debug|Any CPU
		Release|Any CPU = Release|Any CPU
	EndGlobalSection
	GlobalSection(ProjectConfigurationPlatforms) = postSolution
		{93153C25-F001-43B6-B02C-83A37C46B84D}.Debug|Any CPU.ActiveCfg = Debug|Any CPU
		{93153C25-F001-43B6-B02C-83A37C46B84D}.Debug|Any CPU.Build.0 = Debug|Any CPU
		{93153C25-F001-43B6-B02C-83A37C46B84D}.Release|Any CPU.ActiveCfg = Release|Any CPU
		{93153C25-F001-43B6-B02C-83A37C46B84D}.Release|Any CPU.Build.0 = Release|Any CPU
	EndGlobalSection
	GlobalSection(SolutionProperties) = preSolution
		HideSolutionNode = FALSE
	EndGlobalSection
	GlobalSection(ExtensibilityGlobals) = postSolution
		SolutionGuid = {A408648F-0DBC-4386-AF09-20CEC22F302C}
	EndGlobalSection
EndGlobal
