
Microsoft Visual Studio Solution File, Format Version 12.00
# Visual Studio Version 16
VisualStudioVersion = 16.0.30011.22
MinimumVisualStudioVersion = 10.0.40219.1
Project("{FAE04EC0-301F-11D3-BF4B-00C04F79EFBC}") = "Holtz_Compactador.DAL", "Holtz_Compactador.DAL.csproj", "{094D9424-AEEB-4D6C-AA16-4A7DEAA2087B}"
EndProject
Global
	GlobalSection(SolutionConfigurationPlatforms) = preSolution
		Debug|Any CPU = Debug|Any CPU
		Release|Any CPU = Release|Any CPU
	EndGlobalSection
	GlobalSection(ProjectConfigurationPlatforms) = postSolution
		{094D9424-AEEB-4D6C-AA16-4A7DEAA2087B}.Debug|Any CPU.ActiveCfg = Debug|Any CPU
		{094D9424-AEEB-4D6C-AA16-4A7DEAA2087B}.Debug|Any CPU.Build.0 = Debug|Any CPU
		{094D9424-AEEB-4D6C-AA16-4A7DEAA2087B}.Release|Any CPU.ActiveCfg = Release|Any CPU
		{094D9424-AEEB-4D6C-AA16-4A7DEAA2087B}.Release|Any CPU.Build.0 = Release|Any CPU
	EndGlobalSection
	GlobalSection(SolutionProperties) = preSolution
		HideSolutionNode = FALSE
	EndGlobalSection
	GlobalSection(ExtensibilityGlobals) = postSolution
		SolutionGuid = {1B7CB2E7-53E7-44F3-A4F2-33C0221E14BE}
	EndGlobalSection
EndGlobal
